{
  "name": "workspace",
  "version": "1.0.0",
  "lockfileVersion": 3,
  "requires": true,
  "packages": {
    "": {
      "name": "workspace",
      "version": "1.0.0",
      "license": "ISC",
      "dependencies": {
        "@replit/connectors-sdk": "^0.4.1"
      }
    },
    "node_modules/@replit/connectors-sdk": {
      "version": "0.4.1",
      "resolved": "http://package-firewall.replit.local/npm/@replit/connectors-sdk/-/connectors-sdk-0.4.1.tgz",
      "integrity": "sha512-iw0uy95+Qul8MPc/bBo8hBfYk1wm6RpBZ9sHyCpcA9A9T4zcUT9deSQxdyMyI0w3sv3+5uGmdfq1TpFTMrjD1g=="
    }
  }
}
